{
	"name": "@rbxts/rodux",
	"version": "3.0.0-ts.3",
	"lockfileVersion": 3,
	"requires": true,
	"packages": {
		"": {
			"name": "@rbxts/rodux",
			"version": "3.0.0-ts.3",
			"devDependencies": {
				"@rbxts/compiler-types": "^1.0.0-types.0"
			}
		},
		"node_modules/@rbxts/compiler-types": {
			"version": "1.0.0-types.0",
			"resolved": "https://registry.npmjs.org/@rbxts/compiler-types/-/compiler-types-1.0.0-types.0.tgz",
			"integrity": "sha512-DMYByLmapF5T04l1Jmg71BZNmR8sFhDt/aq9aV9X8JjnQimnCCBFK+FzdHh9Nx40D/o+k9vYn5aS58g8kISlYQ==",
			"dev": true
		}
	}
}
